// !$*UTF8*$!
{
	archiveVersion = 1;
	classes = {
	};
	objectVersion = 50;
	objects = {

/* Begin PBXBuildFile section */
		E82B20E924787E2A00B50DBD /* AppDelegate.swift in Sources */ = {isa = PBXBuildFile; fileRef = E82B20E824787E2A00B50DBD /* AppDelegate.swift */; };
		E82B20EB24787E2A00B50DBD /* SceneDelegate.swift in Sources */ = {isa = PBXBuildFile; fileRef = E82B20EA24787E2A00B50DBD /* SceneDelegate.swift */; };
		E82B20ED24787E2A00B50DBD /* EmojiMemoryGameView.swift in Sources */ = {isa = PBXBuildFile; fileRef = E82B20EC24787E2A00B50DBD /* EmojiMemoryGameView.swift */; };
		E82B20EF24787E2E00B50DBD /* Assets.xcassets in Resources */ = {isa = PBXBuildFile; fileRef = E82B20EE24787E2E00B50DBD /* Assets.xcassets */; };
		E82B20F224787E2E00B50DBD /* Preview Assets.xcassets in Resources */ = {isa = PBXBuildFile; fileRef = E82B20F124787E2E00B50DBD /* Preview Assets.xcassets */; };
		E82B20F524787E2E00B50DBD /* LaunchScreen.storyboard in Resources */ = {isa = PBXBuildFile; fileRef = E82B20F324787E2E00B50DBD /* LaunchScreen.storyboard */; };
		E8472983248F1FFA000BCA54 /* Grid.swift in Sources */ = {isa = PBXBuildFile; fileRef = E8472982248F1FFA000BCA54 /* Grid.swift */; };
		E85FBCB62479B0F4009A415A /* MemoryGame.swift in Sources */ = {isa = PBXBuildFile; fileRef = E85FBCB52479B0F4009A415A /* MemoryGame.swift */; };
		E85FBCB82479B36B009A415A /* EmojiMemoryGame.swift in Sources */ = {isa = PBXBuildFile; fileRef = E85FBCB72479B36B009A415A /* EmojiMemoryGame.swift */; };
/* End PBXBuildFile section */

/* Begin PBXFileReference section */
		E82B20E524787E2A00B50DBD /* Memorize.app */ = {isa = PBXFileReference; explicitFileType = wrapper.application; includeInIndex = 0; path = Memorize.app; sourceTree = BUILT_PRODUCTS_DIR; };
		E82B20E824787E2A00B50DBD /* AppDelegate.swift */ = {isa = PBXFileReference; lastKnownFileType = sourcecode.swift; path = AppDelegate.swift; sourceTree = "<group>"; };
		E82B20EA24787E2A00B50DBD /* SceneDelegate.swift */ = {isa = PBXFileReference; lastKnownFileType = sourcecode.swift; path = SceneDelegate.swift; sourceTree = "<group>"; };
		E82B20EC24787E2A00B50DBD /* EmojiMemoryGameView.swift */ = {isa = PBXFileReference; lastKnownFileType = sourcecode.swift; path = EmojiMemoryGameView.swift; sourceTree = "<group>"; };
		E82B20EE24787E2E00B50DBD /* Assets.xcassets */ = {isa = PBXFileReference; lastKnownFileType = folder.assetcatalog; path = Assets.xcassets; sourceTree = "<group>"; };
		E82B20F124787E2E00B50DBD /* Preview Assets.xcassets */ = {isa = PBXFileReference; lastKnownFileType = folder.assetcatalog; path = "Preview Assets.xcassets"; sourceTree = "<group>"; };
		E82B20F424787E2E00B50DBD /* Base */ = {isa = PBXFileReference; lastKnownFileType = file.storyboard; name = Base; path = Base.lproj/LaunchScreen.storyboard; sourceTree = "<group>"; };
		E82B20F624787E2E00B50DBD /* Info.plist */ = {isa = PBXFileReference; lastKnownFileType = text.plist.xml; path = Info.plist; sourceTree = "<group>"; };
		E8472982248F1FFA000BCA54 /* Grid.swift */ = {isa = PBXFileReference; lastKnownFileType = sourcecode.swift; path = Grid.swift; sourceTree = "<group>"; };
		E85FBCB52479B0F4009A415A /* MemoryGame.swift */ = {isa = PBXFileReference; lastKnownFileType = sourcecode.swift; path = MemoryGame.swift; sourceTree = "<group>"; };
		E85FBCB72479B36B009A415A /* EmojiMemoryGame.swift */ = {isa = PBXFileReference; lastKnownFileType = sourcecode.swift; path = EmojiMemoryGame.swift; sourceTree = "<group>"; };
/* End PBXFileReference section */

/* Begin PBXFrameworksBuildPhase section */
		E82B20E224787E2A00B50DBD /* Frameworks */ = {
			isa = PBXFrameworksBuildPhase;
			buildActionMask = 2147483647;
			files = (
			);
			runOnlyForDeploymentPostprocessing = 0;
		};
/* End PBXFrameworksBuildPhase section */

/* Begin PBXGroup section */
		E82B20DC24787E2A00B50DBD = {
			isa = PBXGroup;
			children = (
				E82B20E724787E2A00B50DBD /* Memorize */,
				E82B20E624787E2A00B50DBD /* Products */,
			);
			sourceTree = "<group>";
		};
		E82B20E624787E2A00B50DBD /* Products */ = {
			isa = PBXGroup;
			children = (
				E82B20E524787E2A00B50DBD /* Memorize.app */,
			);
			name = Products;
			sourceTree = "<group>";
		};
		E82B20E724787E2A00B50DBD /* Memorize */ = {
			isa = PBXGroup;
			children = (
				E85FBCB52479B0F4009A415A /* MemoryGame.swift */,
				E85FBCB72479B36B009A415A /* EmojiMemoryGame.swift */,
				E82B20EC24787E2A00B50DBD /* EmojiMemoryGameView.swift */,
				E8472982248F1FFA000BCA54 /* Grid.swift */,
				E82B20E824787E2A00B50DBD /* AppDelegate.swift */,
				E82B20EA24787E2A00B50DBD /* SceneDelegate.swift */,
				E82B20EE24787E2E00B50DBD /* Assets.xcassets */,
				E82B20F324787E2E00B50DBD /* LaunchScreen.storyboard */,
				E82B20F624787E2E00B50DBD /* Info.plist */,
				E82B20F024787E2E00B50DBD /* Preview Content */,
			);
			path = Memorize;
			sourceTree = "<group>";
		};
		E82B20F024787E2E00B50DBD /* Preview Content */ = {
			isa = PBXGroup;
			children = (
				E82B20F124787E2E00B50DBD /* Preview Assets.xcassets */,
			);
			path = "Preview Content";
			sourceTree = "<group>";
		};
/* End PBXGroup section */

/* Begin PBXNativeTarget section */
		E82B20E424787E2A00B50DBD /* Memorize */ = {
			isa = PBXNativeTarget;
			buildConfigurationList = E82B20F924787E2E00B50DBD /* Build configuration list for PBXNativeTarget "Memorize" */;
			buildPhases = (
				E82B20E124787E2A00B50DBD /* Sources */,
				E82B20E224787E2A00B50DBD /* Frameworks */,
				E82B20E324787E2A00B50DBD /* Resources */,
			);
			buildRules = (
			);
			dependencies = (
			);
			name = Memorize;
			productName = Memorize;
			productReference = E82B20E524787E2A00B50DBD /* Memorize.app */;
			productType = "com.apple.product-type.application";
		};
/* End PBXNativeTarget section */

/* Begin PBXProject section */
		E82B20DD24787E2A00B50DBD /* Project object */ = {
			isa = PBXProject;
			attributes = {
				LastSwiftUpdateCheck = 1150;
				LastUpgradeCheck = 1150;
				ORGANIZATIONNAME = Bwinston;
				TargetAttributes = {
					E82B20E424787E2A00B50DBD = {
						CreatedOnToolsVersion = 11.5;
					};
				};
			};
			buildConfigurationList = E82B20E024787E2A00B50DBD /* Build configuration list for PBXProject "Memorize" */;
			compatibilityVersion = "Xcode 9.3";
			developmentRegion = en;
			hasScannedForEncodings = 0;
			knownRegions = (
				en,
				Base,
			);
			mainGroup = E82B20DC24787E2A00B50DBD;
			productRefGroup = E82B20E624787E2A00B50DBD /* Products */;
			projectDirPath = "";
			projectRoot = "";
			targets = (
				E82B20E424787E2A00B50DBD /* Memorize */,
			);
		};
/* End PBXProject section */

/* Begin PBXResourcesBuildPhase section */
		E82B20E324787E2A00B50DBD /* Resources */ = {
			isa = PBXResourcesBuildPhase;
			buildActionMask = 2147483647;
			files = (
				E82B20F524787E2E00B50DBD /* LaunchScreen.storyboard in Resources */,
				E82B20F224787E2E00B50DBD /* Preview Assets.xcassets in Resources */,
				E82B20EF24787E2E00B50DBD /* Assets.xcassets in Resources */,
			);
			runOnlyForDeploymentPostprocessing = 0;
		};
/* End PBXResourcesBuildPhase section */

/* Begin PBXSourcesBuildPhase section */
		E82B20E124787E2A00B50DBD /* Sources */ = {
			isa = PBXSourcesBuildPhase;
			buildActionMask = 2147483647;
			files = (
				E82B20E924787E2A00B50DBD /* AppDelegate.swift in Sources */,
				E82B20EB24787E2A00B50DBD /* SceneDelegate.swift in Sources */,
				E85FBCB62479B0F4009A415A /* MemoryGame.swift in Sources */,
				E82B20ED24787E2A00B50DBD /* EmojiMemoryGameView.swift in Sources */,
				E85FBCB82479B36B009A415A /* EmojiMemoryGame.swift in Sources */,
				E8472983248F1FFA000BCA54 /* Grid.swift in Sources */,
			);
			runOnlyForDeploymentPostprocessing = 0;
		};
/* End PBXSourcesBuildPhase section */

/* Begin PBXVariantGroup section */
		E82B20F324787E2E00B50DBD /* LaunchScreen.storyboard */ = {
			isa = PBXVariantGroup;
			children = (
				E82B20F424787E2E00B50DBD /* Base */,
			);
			name = LaunchScreen.storyboard;
			sourceTree = "<group>";
		};
/* End PBXVariantGroup section */

/* Begin XCBuildConfiguration section */
		E82B20F724787E2E00B50DBD /* Debug */ = {
			isa = XCBuildConfiguration;
			buildSettings = {
				ALWAYS_SEARCH_USER_PATHS = NO;
				CLANG_ANALYZER_NONNULL = YES;
				CLANG_ANALYZER_NUMBER_OBJECT_CONVERSION = YES_AGGRESSIVE;
				CLANG_CXX_LANGUAGE_STANDARD = "gnu++14";
				CLANG_CXX_LIBRARY = "libc++";
				CLANG_ENABLE_MODULES = YES;
				CLANG_ENABLE_OBJC_ARC = YES;
				CLANG_ENABLE_OBJC_WEAK = YES;
				CLANG_WARN_BLOCK_CAPTURE_AUTORELEASING = YES;
				CLANG_WARN_BOOL_CONVERSION = YES;
				CLANG_WARN_COMMA = YES;
				CLANG_WARN_CONSTANT_CONVERSION = YES;
				CLANG_WARN_DEPRECATED_OBJC_IMPLEMENTATIONS = YES;
				CLANG_WARN_DIRECT_OBJC_ISA_USAGE = YES_ERROR;
				CLANG_WARN_DOCUMENTATION_COMMENTS = YES;
				CLANG_WARN_EMPTY_BODY = YES;
				CLANG_WARN_ENUM_CONVERSION = YES;
				CLANG_WARN_INFINITE_RECURSION = YES;
				CLANG_WARN_INT_CONVERSION = YES;
				CLANG_WARN_NON_LITERAL_NULL_CONVERSION = YES;
				CLANG_WARN_OBJC_IMPLICIT_RETAIN_SELF = YES;
				CLANG_WARN_OBJC_LITERAL_CONVERSION = YES;
				CLANG_WARN_OBJC_ROOT_CLASS = YES_ERROR;
				CLANG_WARN_RANGE_LOOP_ANALYSIS = YES;
				CLANG_WARN_STRICT_PROTOTYPES = YES;
				CLANG_WARN_SUSPICIOUS_MOVE = YES;
				CLANG_WARN_UNGUARDED_AVAILABILITY = YES_AGGRESSIVE;
				CLANG_WARN_UNREACHABLE_CODE = YES;
				CLANG_WARN__DUPLICATE_METHOD_MATCH = YES;
				COPY_PHASE_STRIP = NO;
				DEBUG_INFORMATION_FORMAT = dwarf;
				ENABLE_STRICT_OBJC_MSGSEND = YES;
				ENABLE_TESTABILITY = YES;
				GCC_C_LANGUAGE_STANDARD = gnu11;
				GCC_DYNAMIC_NO_PIC = NO;
				GCC_NO_COMMON_BLOCKS = YES;
				GCC_OPTIMIZATION_LEVEL = 0;
				GCC_PREPROCESSOR_DEFINITIONS = (
					"DEBUG=1",
					"$(inherited)",
				);
				GCC_WARN_64_TO_32_BIT_CONVERSION = YES;
				GCC_WARN_ABOUT_RETURN_TYPE = YES_ERROR;
				GCC_WARN_UNDECLARED_SELECTOR = YES;
				GCC_WARN_UNINITIALIZED_AUTOS = YES_AGGRESSIVE;
				GCC_WARN_UNUSED_FUNCTION = YES;
				GCC_WARN_UNUSED_VARIABLE = YES;
				IPHONEOS_DEPLOYMENT_TARGET = 13.5;
				MTL_ENABLE_DEBUG_INFO = INCLUDE_SOURCE;
				MTL_FAST_MATH = YES;
				ONLY_ACTIVE_ARCH = YES;
				SDKROOT = iphoneos;
				SWIFT_ACTIVE_COMPILATION_CONDITIONS = DEBUG;
				SWIFT_OPTIMIZATION_LEVEL = "-Onone";
			};
			name = Debug;
		};
		E82B20F824787E2E00B50DBD /* Release */ = {
			isa = XCBuildConfiguration;
			buildSettings = {
				ALWAYS_SEARCH_USER_PATHS = NO;
				CLANG_ANALYZER_NONNULL = YES;
				CLANG_ANALYZER_NUMBER_OBJECT_CONVERSION = YES_AGGRESSIVE;
				CLANG_CXX_LANGUAGE_STANDARD = "gnu++14";
				CLANG_CXX_LIBRARY = "libc++";
				CLANG_ENABLE_MODULES = YES;
				CLANG_ENABLE_OBJC_ARC = YES;
				CLANG_ENABLE_OBJC_WEAK = YES;
				CLANG_WARN_BLOCK_CAPTURE_AUTORELEASING = YES;
				CLANG_WARN_BOOL_CONVERSION = YES;
				CLANG_WARN_COMMA = YES;
				CLANG_WARN_CONSTANT_CONVERSION = YES;
				CLANG_WARN_DEPRECATED_OBJC_IMPLEMENTATIONS = YES;
				CLANG_WARN_DIRECT_OBJC_ISA_USAGE = YES_ERROR;
				CLANG_WARN_DOCUMENTATION_COMMENTS = YES;
				CLANG_WARN_EMPTY_BODY = YES;
				CLANG_WARN_ENUM_CONVERSION = YES;
				CLANG_WARN_INFINITE_RECURSION = YES;
				CLANG_WARN_INT_CONVERSION = YES;
				CLANG_WARN_NON_LITERAL_NULL_CONVERSION = YES;
				CLANG_WARN_OBJC_IMPLICIT_RETAIN_SELF = YES;
				CLANG_WARN_OBJC_LITERAL_CONVERSION = YES;
				CLANG_WARN_OBJC_ROOT_CLASS = YES_ERROR;
				CLANG_WARN_RANGE_LOOP_ANALYSIS = YES;
				CLANG_WARN_STRICT_PROTOTYPES = YES;
				CLANG_WARN_SUSPICIOUS_MOVE = YES;
				CLANG_WARN_UNGUARDED_AVAILABILITY = YES_AGGRESSIVE;
				CLANG_WARN_UNREACHABLE_CODE = YES;
				CLANG_WARN__DUPLICATE_METHOD_MATCH = YES;
				COPY_PHASE_STRIP = NO;
				DEBUG_INFORMATION_FORMAT = "dwarf-with-dsym";
				ENABLE_NS_ASSERTIONS = NO;
				ENABLE_STRICT_OBJC_MSGSEND = YES;
				GCC_C_LANGUAGE_STANDARD = gnu11;
				GCC_NO_COMMON_BLOCKS = YES;
				GCC_WARN_64_TO_32_BIT_CONVERSION = YES;
				GCC_WARN_ABOUT_RETURN_TYPE = YES_ERROR;
				GCC_WARN_UNDECLARED_SELECTOR = YES;
				GCC_WARN_UNINITIALIZED_AUTOS = YES_AGGRESSIVE;
				GCC_WARN_UNUSED_FUNCTION = YES;
				GCC_WARN_UNUSED_VARIABLE = YES;
				IPHONEOS_DEPLOYMENT_TARGET = 13.5;
				MTL_ENABLE_DEBUG_INFO = NO;
				MTL_FAST_MATH = YES;
				SDKROOT = iphoneos;
				SWIFT_COMPILATION_MODE = wholemodule;
				SWIFT_OPTIMIZATION_LEVEL = "-O";
				VALIDATE_PRODUCT = YES;
			};
			name = Release;
		};
		E82B20FA24787E2E00B50DBD /* Debug */ = {
			isa = XCBuildConfiguration;
			buildSettings = {
				ASSETCATALOG_COMPILER_APPICON_NAME = AppIcon;
				CODE_SIGN_STYLE = Automatic;
				DEVELOPMENT_ASSET_PATHS = "\"Memorize/Preview Content\"";
				DEVELOPMENT_TEAM = 6G8JJ96F3K;
				ENABLE_PREVIEWS = YES;
				INFOPLIST_FILE = Memorize/Info.plist;
				LD_RUNPATH_SEARCH_PATHS = (
					"$(inherited)",
					"@executable_path/Frameworks",
				);
				PRODUCT_BUNDLE_IDENTIFIER = com.brandonjwinston.Memorize;
				PRODUCT_NAME = "$(TARGET_NAME)";
				SWIFT_VERSION = 5.0;
				TARGETED_DEVICE_FAMILY = "1,2";
			};
			name = Debug;
		};
		E82B20FB24787E2E00B50DBD /* Release */ = {
			isa = XCBuildConfiguration;
			buildSettings = {
				ASSETCATALOG_COMPILER_APPICON_NAME = AppIcon;
				CODE_SIGN_STYLE = Automatic;
				DEVELOPMENT_ASSET_PATHS = "\"Memorize/Preview Content\"";
				DEVELOPMENT_TEAM = 6G8JJ96F3K;
				ENABLE_PREVIEWS = YES;
				INFOPLIST_FILE = Memorize/Info.plist;
				LD_RUNPATH_SEARCH_PATHS = (
					"$(inherited)",
					"@executable_path/Frameworks",
				);
				PRODUCT_BUNDLE_IDENTIFIER = com.brandonjwinston.Memorize;
				PRODUCT_NAME = "$(TARGET_NAME)";
				SWIFT_VERSION = 5.0;
				TARGETED_DEVICE_FAMILY = "1,2";
			};
			name = Release;
		};
/* End XCBuildConfiguration section */

/* Begin XCConfigurationList section */
		E82B20E024787E2A00B50DBD /* Build configuration list for PBXProject "Memorize" */ = {
			isa = XCConfigurationList;
			buildConfigurations = (
				E82B20F724787E2E00B50DBD /* Debug */,
				E82B20F824787E2E00B50DBD /* Release */,
			);
			defaultConfigurationIsVisible = 0;
			defaultConfigurationName = Release;
		};
		E82B20F924787E2E00B50DBD /* Build configuration list for PBXNativeTarget "Memorize" */ = {
			isa = XCConfigurationList;
			buildConfigurations = (
				E82B20FA24787E2E00B50DBD /* Debug */,
				E82B20FB24787E2E00B50DBD /* Release */,
			);
			defaultConfigurationIsVisible = 0;
			defaultConfigurationName = Release;
		};
/* End XCConfigurationList section */
	};
	rootObject = E82B20DD24787E2A00B50DBD /* Project object */;
}
